
Microsoft Visual Studio Solution File, Format Version 12.00
# Visual Studio Version 16
VisualStudioVersion = 16.0.32802.440
MinimumVisualStudioVersion = 10.0.40219.1
Project("{FAE04EC0-301F-11D3-BF4B-00C04F79EFBC}") = "Hammerpelago-Installer", "Hammerpelago-Installer.csproj", "{BC3AB337-13B2-4E6C-ADA8-99B559AEA6D8}"
EndProject
Global
	GlobalSection(SolutionConfigurationPlatforms) = preSolution
		Debug|Any CPU = Debug|Any CPU
		Release|Any CPU = Release|Any CPU
	EndGlobalSection
	GlobalSection(ProjectConfigurationPlatforms) = postSolution
		{BC3AB337-13B2-4E6C-ADA8-99B559AEA6D8}.Debug|Any CPU.ActiveCfg = Debug|Any CPU
		{BC3AB337-13B2-4E6C-ADA8-99B559AEA6D8}.Debug|Any CPU.Build.0 = Debug|Any CPU
		{BC3AB337-13B2-4E6C-ADA8-99B559AEA6D8}.Release|Any CPU.ActiveCfg = Release|Any CPU
		{BC3AB337-13B2-4E6C-ADA8-99B559AEA6D8}.Release|Any CPU.Build.0 = Release|Any CPU
	EndGlobalSection
	GlobalSection(SolutionProperties) = preSolution
		HideSolutionNode = FALSE
	EndGlobalSection
	GlobalSection(ExtensibilityGlobals) = postSolution
		SolutionGuid = {0C9126E3-EF7A-473C-8B60-003D0C44F9BE}
	EndGlobalSection
EndGlobal
